
Microsoft Visual Studio Solution File, Format Version 12.00
# Visual Studio Version 17
VisualStudioVersion = 17.11.35125.118
MinimumVisualStudioVersion = 10.0.40219.1
Project("{FAE04EC0-301F-11D3-BF4B-00C04F79EFBC}") = "FirstMicroService.Todos.WebAPI", "FirstMicroService.Todos.WebAPI\FirstMicroService.Todos.WebAPI.csproj", "{C95E3510-3161-4171-A13F-729F772A1776}"
EndProject
Project("{FAE04EC0-301F-11D3-BF4B-00C04F79EFBC}") = "FirstMicroService.Categories.WebAPI", "FirstMicroService.Categories.WebAPI\FirstMicroService.Categories.WebAPI.csproj", "{93551DB4-C93C-4693-8574-4667C53E2B6C}"
EndProject
Global
	GlobalSection(SolutionConfigurationPlatforms) = preSolution
		Debug|Any CPU = Debug|Any CPU
		Release|Any CPU = Release|Any CPU
	EndGlobalSection
	GlobalSection(ProjectConfigurationPlatforms) = postSolution
		{C95E3510-3161-4171-A13F-729F772A1776}.Debug|Any CPU.ActiveCfg = Debug|Any CPU
		{C95E3510-3161-4171-A13F-729F772A1776}.Debug|Any CPU.Build.0 = Debug|Any CPU
		{C95E3510-3161-4171-A13F-729F772A1776}.Release|Any CPU.ActiveCfg = Release|Any CPU
		{C95E3510-3161-4171-A13F-729F772A1776}.Release|Any CPU.Build.0 = Release|Any CPU
		{93551DB4-C93C-4693-8574-4667C53E2B6C}.Debug|Any CPU.ActiveCfg = Debug|Any CPU
		{93551DB4-C93C-4693-8574-4667C53E2B6C}.Debug|Any CPU.Build.0 = Debug|Any CPU
		{93551DB4-C93C-4693-8574-4667C53E2B6C}.Release|Any CPU.ActiveCfg = Release|Any CPU
		{93551DB4-C93C-4693-8574-4667C53E2B6C}.Release|Any CPU.Build.0 = Release|Any CPU
	EndGlobalSection
	GlobalSection(SolutionProperties) = preSolution
		HideSolutionNode = FALSE
	EndGlobalSection
	GlobalSection(ExtensibilityGlobals) = postSolution
		SolutionGuid = {30C559A6-4FBA-4409-9845-8D068A79F8C9}
	EndGlobalSection
EndGlobal
